
Microsoft Visual Studio Solution File, Format Version 12.00
# Visual Studio Version 16
VisualStudioVersion = 16.0.30711.63
MinimumVisualStudioVersion = 10.0.40219.1
Project("{FAE04EC0-301F-11D3-BF4B-00C04F79EFBC}") = "PHPTravelsApp.Automation", "PHPTravelsApp.Automation\PHPTravelsApp.Automation.csproj", "{1B595447-C825-4652-8125-40A0B8684E02}"
EndProject
Project("{FAE04EC0-301F-11D3-BF4B-00C04F79EFBC}") = "Practice Exercises", "Practice Exercises\Practice Exercises.csproj", "{82D69A9E-C09E-41D0-8F76-FAFBD43B4F9F}"
EndProject
Global
	GlobalSection(SolutionConfigurationPlatforms) = preSolution
		Debug|Any CPU = Debug|Any CPU
		Release|Any CPU = Release|Any CPU
	EndGlobalSection
	GlobalSection(ProjectConfigurationPlatforms) = postSolution
		{1B595447-C825-4652-8125-40A0B8684E02}.Debug|Any CPU.ActiveCfg = Debug|Any CPU
		{1B595447-C825-4652-8125-40A0B8684E02}.Debug|Any CPU.Build.0 = Debug|Any CPU
		{1B595447-C825-4652-8125-40A0B8684E02}.Release|Any CPU.ActiveCfg = Release|Any CPU
		{1B595447-C825-4652-8125-40A0B8684E02}.Release|Any CPU.Build.0 = Release|Any CPU
		{82D69A9E-C09E-41D0-8F76-FAFBD43B4F9F}.Debug|Any CPU.ActiveCfg = Debug|Any CPU
		{82D69A9E-C09E-41D0-8F76-FAFBD43B4F9F}.Debug|Any CPU.Build.0 = Debug|Any CPU
		{82D69A9E-C09E-41D0-8F76-FAFBD43B4F9F}.Release|Any CPU.ActiveCfg = Release|Any CPU
		{82D69A9E-C09E-41D0-8F76-FAFBD43B4F9F}.Release|Any CPU.Build.0 = Release|Any CPU
	EndGlobalSection
	GlobalSection(SolutionProperties) = preSolution
		HideSolutionNode = FALSE
	EndGlobalSection
	GlobalSection(ExtensibilityGlobals) = postSolution
		SolutionGuid = {3D943B05-20F2-4FB8-9B42-070698741A5D}
	EndGlobalSection
EndGlobal
